// !$*UTF8*$!
{
	archiveVersion = 1;
	classes = {
	};
	objectVersion = 56;
	objects = {

/* Begin PBXBuildFile section */
		AB1EB7202A46B1E500E0E161 /* WeekSchedulerHourView.swift in Sources */ = {isa = PBXBuildFile; fileRef = AB1EB71F2A46B1E500E0E161 /* WeekSchedulerHourView.swift */; };
		AB5A9AC92A3F576100A379D1 /* WeekCalendarApp.swift in Sources */ = {isa = PBXBuildFile; fileRef = AB5A9AC82A3F576100A379D1 /* WeekCalendarApp.swift */; };
		AB5A9ACB2A3F576100A379D1 /* ContentView.swift in Sources */ = {isa = PBXBuildFile; fileRef = AB5A9ACA2A3F576100A379D1 /* ContentView.swift */; };
		AB5A9ACD2A3F576200A379D1 /* Assets.xcassets in Resources */ = {isa = PBXBuildFile; fileRef = AB5A9ACC2A3F576200A379D1 /* Assets.xcassets */; };
		AB5A9AD02A3F576200A379D1 /* Preview Assets.xcassets in Resources */ = {isa = PBXBuildFile; fileRef = AB5A9ACF2A3F576200A379D1 /* Preview Assets.xcassets */; };
		AB5A9AD72A3F586200A379D1 /* WeekCalendarView.swift in Sources */ = {isa = PBXBuildFile; fileRef = AB5A9AD62A3F586200A379D1 /* WeekCalendarView.swift */; };
		AB5A9ADA2A3FD64500A379D1 /* SchedulerView.swift in Sources */ = {isa = PBXBuildFile; fileRef = AB5A9AD92A3FD64500A379D1 /* SchedulerView.swift */; };
		AB5A9ADC2A3FD66400A379D1 /* SchedulerColumnView.swift in Sources */ = {isa = PBXBuildFile; fileRef = AB5A9ADB2A3FD66400A379D1 /* SchedulerColumnView.swift */; };
		AB5A9ADE2A3FD67000A379D1 /* SchedulerHourView.swift in Sources */ = {isa = PBXBuildFile; fileRef = AB5A9ADD2A3FD67000A379D1 /* SchedulerHourView.swift */; };
		AB5A9AE02A3FD6A100A379D1 /* Date+Extension.swift in Sources */ = {isa = PBXBuildFile; fileRef = AB5A9ADF2A3FD6A100A379D1 /* Date+Extension.swift */; };
		AB5A9AE22A3FD6AB00A379D1 /* String+Extension.swift in Sources */ = {isa = PBXBuildFile; fileRef = AB5A9AE12A3FD6AB00A379D1 /* String+Extension.swift */; };
		AB5A9B792A4387C100A379D1 /* WeekSchedulerView.swift in Sources */ = {isa = PBXBuildFile; fileRef = AB5A9B782A4387C100A379D1 /* WeekSchedulerView.swift */; };
/* End PBXBuildFile section */

/* Begin PBXFileReference section */
		AB1EB71F2A46B1E500E0E161 /* WeekSchedulerHourView.swift */ = {isa = PBXFileReference; lastKnownFileType = sourcecode.swift; path = WeekSchedulerHourView.swift; sourceTree = "<group>"; };
		AB5A9AC52A3F576100A379D1 /* WeekCalendar.app */ = {isa = PBXFileReference; explicitFileType = wrapper.application; includeInIndex = 0; path = WeekCalendar.app; sourceTree = BUILT_PRODUCTS_DIR; };
		AB5A9AC82A3F576100A379D1 /* WeekCalendarApp.swift */ = {isa = PBXFileReference; lastKnownFileType = sourcecode.swift; path = WeekCalendarApp.swift; sourceTree = "<group>"; };
		AB5A9ACA2A3F576100A379D1 /* ContentView.swift */ = {isa = PBXFileReference; lastKnownFileType = sourcecode.swift; path = ContentView.swift; sourceTree = "<group>"; };
		AB5A9ACC2A3F576200A379D1 /* Assets.xcassets */ = {isa = PBXFileReference; lastKnownFileType = folder.assetcatalog; path = Assets.xcassets; sourceTree = "<group>"; };
		AB5A9ACF2A3F576200A379D1 /* Preview Assets.xcassets */ = {isa = PBXFileReference; lastKnownFileType = folder.assetcatalog; path = "Preview Assets.xcassets"; sourceTree = "<group>"; };
		AB5A9AD62A3F586200A379D1 /* WeekCalendarView.swift */ = {isa = PBXFileReference; lastKnownFileType = sourcecode.swift; path = WeekCalendarView.swift; sourceTree = "<group>"; };
		AB5A9AD92A3FD64500A379D1 /* SchedulerView.swift */ = {isa = PBXFileReference; lastKnownFileType = sourcecode.swift; path = SchedulerView.swift; sourceTree = "<group>"; };
		AB5A9ADB2A3FD66400A379D1 /* SchedulerColumnView.swift */ = {isa = PBXFileReference; lastKnownFileType = sourcecode.swift; path = SchedulerColumnView.swift; sourceTree = "<group>"; };
		AB5A9ADD2A3FD67000A379D1 /* SchedulerHourView.swift */ = {isa = PBXFileReference; lastKnownFileType = sourcecode.swift; path = SchedulerHourView.swift; sourceTree = "<group>"; };
		AB5A9ADF2A3FD6A100A379D1 /* Date+Extension.swift */ = {isa = PBXFileReference; lastKnownFileType = sourcecode.swift; path = "Date+Extension.swift"; sourceTree = "<group>"; };
		AB5A9AE12A3FD6AB00A379D1 /* String+Extension.swift */ = {isa = PBXFileReference; lastKnownFileType = sourcecode.swift; path = "String+Extension.swift"; sourceTree = "<group>"; };
		AB5A9B782A4387C100A379D1 /* WeekSchedulerView.swift */ = {isa = PBXFileReference; lastKnownFileType = sourcecode.swift; path = WeekSchedulerView.swift; sourceTree = "<group>"; };
/* End PBXFileReference section */

/* Begin PBXFrameworksBuildPhase section */
		AB5A9AC22A3F576100A379D1 /* Frameworks */ = {
			isa = PBXFrameworksBuildPhase;
			buildActionMask = 2147483647;
			files = (
			);
			runOnlyForDeploymentPostprocessing = 0;
		};
/* End PBXFrameworksBuildPhase section */

/* Begin PBXGroup section */
		AB5A9ABC2A3F576100A379D1 = {
			isa = PBXGroup;
			children = (
				AB5A9AC72A3F576100A379D1 /* WeekCalendar */,
				AB5A9AC62A3F576100A379D1 /* Products */,
			);
			sourceTree = "<group>";
		};
		AB5A9AC62A3F576100A379D1 /* Products */ = {
			isa = PBXGroup;
			children = (
				AB5A9AC52A3F576100A379D1 /* WeekCalendar.app */,
			);
			name = Products;
			sourceTree = "<group>";
		};
		AB5A9AC72A3F576100A379D1 /* WeekCalendar */ = {
			isa = PBXGroup;
			children = (
				AB5A9AC82A3F576100A379D1 /* WeekCalendarApp.swift */,
				AB5A9ACA2A3F576100A379D1 /* ContentView.swift */,
				AB5A9B772A4387A700A379D1 /* NewVersion */,
				AB5A9AE42A3FD6CE00A379D1 /* Extension */,
				AB5A9AE32A3FD6BF00A379D1 /* WeekCalendarView */,
				AB5A9AD82A3FD61700A379D1 /* SchedulerView */,
				AB5A9ACC2A3F576200A379D1 /* Assets.xcassets */,
				AB5A9ACE2A3F576200A379D1 /* Preview Content */,
			);
			path = WeekCalendar;
			sourceTree = "<group>";
		};
		AB5A9ACE2A3F576200A379D1 /* Preview Content */ = {
			isa = PBXGroup;
			children = (
				AB5A9ACF2A3F576200A379D1 /* Preview Assets.xcassets */,
			);
			path = "Preview Content";
			sourceTree = "<group>";
		};
		AB5A9AD82A3FD61700A379D1 /* SchedulerView */ = {
			isa = PBXGroup;
			children = (
				AB5A9AD92A3FD64500A379D1 /* SchedulerView.swift */,
				AB5A9ADB2A3FD66400A379D1 /* SchedulerColumnView.swift */,
				AB5A9ADD2A3FD67000A379D1 /* SchedulerHourView.swift */,
			);
			path = SchedulerView;
			sourceTree = "<group>";
		};
		AB5A9AE32A3FD6BF00A379D1 /* WeekCalendarView */ = {
			isa = PBXGroup;
			children = (
				AB5A9AD62A3F586200A379D1 /* WeekCalendarView.swift */,
			);
			path = WeekCalendarView;
			sourceTree = "<group>";
		};
		AB5A9AE42A3FD6CE00A379D1 /* Extension */ = {
			isa = PBXGroup;
			children = (
				AB5A9AE12A3FD6AB00A379D1 /* String+Extension.swift */,
				AB5A9ADF2A3FD6A100A379D1 /* Date+Extension.swift */,
			);
			path = Extension;
			sourceTree = "<group>";
		};
		AB5A9B772A4387A700A379D1 /* NewVersion */ = {
			isa = PBXGroup;
			children = (
				AB5A9B782A4387C100A379D1 /* WeekSchedulerView.swift */,
				AB1EB71F2A46B1E500E0E161 /* WeekSchedulerHourView.swift */,
			);
			path = NewVersion;
			sourceTree = "<group>";
		};
/* End PBXGroup section */

/* Begin PBXNativeTarget section */
		AB5A9AC42A3F576100A379D1 /* WeekCalendar */ = {
			isa = PBXNativeTarget;
			buildConfigurationList = AB5A9AD32A3F576200A379D1 /* Build configuration list for PBXNativeTarget "WeekCalendar" */;
			buildPhases = (
				AB5A9AC12A3F576100A379D1 /* Sources */,
				AB5A9AC22A3F576100A379D1 /* Frameworks */,
				AB5A9AC32A3F576100A379D1 /* Resources */,
			);
			buildRules = (
			);
			dependencies = (
			);
			name = WeekCalendar;
			productName = WeekCalendar;
			productReference = AB5A9AC52A3F576100A379D1 /* WeekCalendar.app */;
			productType = "com.apple.product-type.application";
		};
/* End PBXNativeTarget section */

/* Begin PBXProject section */
		AB5A9ABD2A3F576100A379D1 /* Project object */ = {
			isa = PBXProject;
			attributes = {
				BuildIndependentTargetsInParallel = 1;
				LastSwiftUpdateCheck = 1430;
				LastUpgradeCheck = 1430;
				TargetAttributes = {
					AB5A9AC42A3F576100A379D1 = {
						CreatedOnToolsVersion = 14.3;
					};
				};
			};
			buildConfigurationList = AB5A9AC02A3F576100A379D1 /* Build configuration list for PBXProject "WeekCalendar" */;
			compatibilityVersion = "Xcode 14.0";
			developmentRegion = en;
			hasScannedForEncodings = 0;
			knownRegions = (
				en,
				Base,
			);
			mainGroup = AB5A9ABC2A3F576100A379D1;
			productRefGroup = AB5A9AC62A3F576100A379D1 /* Products */;
			projectDirPath = "";
			projectRoot = "";
			targets = (
				AB5A9AC42A3F576100A379D1 /* WeekCalendar */,
			);
		};
/* End PBXProject section */

/* Begin PBXResourcesBuildPhase section */
		AB5A9AC32A3F576100A379D1 /* Resources */ = {
			isa = PBXResourcesBuildPhase;
			buildActionMask = 2147483647;
			files = (
				AB5A9AD02A3F576200A379D1 /* Preview Assets.xcassets in Resources */,
				AB5A9ACD2A3F576200A379D1 /* Assets.xcassets in Resources */,
			);
			runOnlyForDeploymentPostprocessing = 0;
		};
/* End PBXResourcesBuildPhase section */

/* Begin PBXSourcesBuildPhase section */
		AB5A9AC12A3F576100A379D1 /* Sources */ = {
			isa = PBXSourcesBuildPhase;
			buildActionMask = 2147483647;
			files = (
				AB5A9B792A4387C100A379D1 /* WeekSchedulerView.swift in Sources */,
				AB5A9AE22A3FD6AB00A379D1 /* String+Extension.swift in Sources */,
				AB5A9ADA2A3FD64500A379D1 /* SchedulerView.swift in Sources */,
				AB5A9AD72A3F586200A379D1 /* WeekCalendarView.swift in Sources */,
				AB5A9ADE2A3FD67000A379D1 /* SchedulerHourView.swift in Sources */,
				AB5A9ACB2A3F576100A379D1 /* ContentView.swift in Sources */,
				AB1EB7202A46B1E500E0E161 /* WeekSchedulerHourView.swift in Sources */,
				AB5A9AE02A3FD6A100A379D1 /* Date+Extension.swift in Sources */,
				AB5A9ADC2A3FD66400A379D1 /* SchedulerColumnView.swift in Sources */,
				AB5A9AC92A3F576100A379D1 /* WeekCalendarApp.swift in Sources */,
			);
			runOnlyForDeploymentPostprocessing = 0;
		};
/* End PBXSourcesBuildPhase section */

/* Begin XCBuildConfiguration section */
		AB5A9AD12A3F576200A379D1 /* Debug */ = {
			isa = XCBuildConfiguration;
			buildSettings = {
				ALWAYS_SEARCH_USER_PATHS = NO;
				CLANG_ANALYZER_NONNULL = YES;
				CLANG_ANALYZER_NUMBER_OBJECT_CONVERSION = YES_AGGRESSIVE;
				CLANG_CXX_LANGUAGE_STANDARD = "gnu++20";
				CLANG_ENABLE_MODULES = YES;
				CLANG_ENABLE_OBJC_ARC = YES;
				CLANG_ENABLE_OBJC_WEAK = YES;
				CLANG_WARN_BLOCK_CAPTURE_AUTORELEASING = YES;
				CLANG_WARN_BOOL_CONVERSION = YES;
				CLANG_WARN_COMMA = YES;
				CLANG_WARN_CONSTANT_CONVERSION = YES;
				CLANG_WARN_DEPRECATED_OBJC_IMPLEMENTATIONS = YES;
				CLANG_WARN_DIRECT_OBJC_ISA_USAGE = YES_ERROR;
				CLANG_WARN_DOCUMENTATION_COMMENTS = YES;
				CLANG_WARN_EMPTY_BODY = YES;
				CLANG_WARN_ENUM_CONVERSION = YES;
				CLANG_WARN_INFINITE_RECURSION = YES;
				CLANG_WARN_INT_CONVERSION = YES;
				CLANG_WARN_NON_LITERAL_NULL_CONVERSION = YES;
				CLANG_WARN_OBJC_IMPLICIT_RETAIN_SELF = YES;
				CLANG_WARN_OBJC_LITERAL_CONVERSION = YES;
				CLANG_WARN_OBJC_ROOT_CLASS = YES_ERROR;
				CLANG_WARN_QUOTED_INCLUDE_IN_FRAMEWORK_HEADER = YES;
				CLANG_WARN_RANGE_LOOP_ANALYSIS = YES;
				CLANG_WARN_STRICT_PROTOTYPES = YES;
				CLANG_WARN_SUSPICIOUS_MOVE = YES;
				CLANG_WARN_UNGUARDED_AVAILABILITY = YES_AGGRESSIVE;
				CLANG_WARN_UNREACHABLE_CODE = YES;
				CLANG_WARN__DUPLICATE_METHOD_MATCH = YES;
				COPY_PHASE_STRIP = NO;
				DEBUG_INFORMATION_FORMAT = dwarf;
				ENABLE_STRICT_OBJC_MSGSEND = YES;
				ENABLE_TESTABILITY = YES;
				GCC_C_LANGUAGE_STANDARD = gnu11;
				GCC_DYNAMIC_NO_PIC = NO;
				GCC_NO_COMMON_BLOCKS = YES;
				GCC_OPTIMIZATION_LEVEL = 0;
				GCC_PREPROCESSOR_DEFINITIONS = (
					"DEBUG=1",
					"$(inherited)",
				);
				GCC_WARN_64_TO_32_BIT_CONVERSION = YES;
				GCC_WARN_ABOUT_RETURN_TYPE = YES_ERROR;
				GCC_WARN_UNDECLARED_SELECTOR = YES;
				GCC_WARN_UNINITIALIZED_AUTOS = YES_AGGRESSIVE;
				GCC_WARN_UNUSED_FUNCTION = YES;
				GCC_WARN_UNUSED_VARIABLE = YES;
				IPHONEOS_DEPLOYMENT_TARGET = 16.4;
				MTL_ENABLE_DEBUG_INFO = INCLUDE_SOURCE;
				MTL_FAST_MATH = YES;
				ONLY_ACTIVE_ARCH = YES;
				SDKROOT = iphoneos;
				SWIFT_ACTIVE_COMPILATION_CONDITIONS = DEBUG;
				SWIFT_OPTIMIZATION_LEVEL = "-Onone";
			};
			name = Debug;
		};
		AB5A9AD22A3F576200A379D1 /* Release */ = {
			isa = XCBuildConfiguration;
			buildSettings = {
				ALWAYS_SEARCH_USER_PATHS = NO;
				CLANG_ANALYZER_NONNULL = YES;
				CLANG_ANALYZER_NUMBER_OBJECT_CONVERSION = YES_AGGRESSIVE;
				CLANG_CXX_LANGUAGE_STANDARD = "gnu++20";
				CLANG_ENABLE_MODULES = YES;
				CLANG_ENABLE_OBJC_ARC = YES;
				CLANG_ENABLE_OBJC_WEAK = YES;
				CLANG_WARN_BLOCK_CAPTURE_AUTORELEASING = YES;
				CLANG_WARN_BOOL_CONVERSION = YES;
				CLANG_WARN_COMMA = YES;
				CLANG_WARN_CONSTANT_CONVERSION = YES;
				CLANG_WARN_DEPRECATED_OBJC_IMPLEMENTATIONS = YES;
				CLANG_WARN_DIRECT_OBJC_ISA_USAGE = YES_ERROR;
				CLANG_WARN_DOCUMENTATION_COMMENTS = YES;
				CLANG_WARN_EMPTY_BODY = YES;
				CLANG_WARN_ENUM_CONVERSION = YES;
				CLANG_WARN_INFINITE_RECURSION = YES;
				CLANG_WARN_INT_CONVERSION = YES;
				CLANG_WARN_NON_LITERAL_NULL_CONVERSION = YES;
				CLANG_WARN_OBJC_IMPLICIT_RETAIN_SELF = YES;
				CLANG_WARN_OBJC_LITERAL_CONVERSION = YES;
				CLANG_WARN_OBJC_ROOT_CLASS = YES_ERROR;
				CLANG_WARN_QUOTED_INCLUDE_IN_FRAMEWORK_HEADER = YES;
				CLANG_WARN_RANGE_LOOP_ANALYSIS = YES;
				CLANG_WARN_STRICT_PROTOTYPES = YES;
				CLANG_WARN_SUSPICIOUS_MOVE = YES;
				CLANG_WARN_UNGUARDED_AVAILABILITY = YES_AGGRESSIVE;
				CLANG_WARN_UNREACHABLE_CODE = YES;
				CLANG_WARN__DUPLICATE_METHOD_MATCH = YES;
				COPY_PHASE_STRIP = NO;
				DEBUG_INFORMATION_FORMAT = "dwarf-with-dsym";
				ENABLE_NS_ASSERTIONS = NO;
				ENABLE_STRICT_OBJC_MSGSEND = YES;
				GCC_C_LANGUAGE_STANDARD = gnu11;
				GCC_NO_COMMON_BLOCKS = YES;
				GCC_WARN_64_TO_32_BIT_CONVERSION = YES;
				GCC_WARN_ABOUT_RETURN_TYPE = YES_ERROR;
				GCC_WARN_UNDECLARED_SELECTOR = YES;
				GCC_WARN_UNINITIALIZED_AUTOS = YES_AGGRESSIVE;
				GCC_WARN_UNUSED_FUNCTION = YES;
				GCC_WARN_UNUSED_VARIABLE = YES;
				IPHONEOS_DEPLOYMENT_TARGET = 16.4;
				MTL_ENABLE_DEBUG_INFO = NO;
				MTL_FAST_MATH = YES;
				SDKROOT = iphoneos;
				SWIFT_COMPILATION_MODE = wholemodule;
				SWIFT_OPTIMIZATION_LEVEL = "-O";
				VALIDATE_PRODUCT = YES;
			};
			name = Release;
		};
		AB5A9AD42A3F576200A379D1 /* Debug */ = {
			isa = XCBuildConfiguration;
			buildSettings = {
				ASSETCATALOG_COMPILER_APPICON_NAME = AppIcon;
				ASSETCATALOG_COMPILER_GLOBAL_ACCENT_COLOR_NAME = AccentColor;
				CODE_SIGN_STYLE = Automatic;
				CURRENT_PROJECT_VERSION = 1;
				DEVELOPMENT_ASSET_PATHS = "\"WeekCalendar/Preview Content\"";
				DEVELOPMENT_TEAM = UEQ3F6V5RW;
				ENABLE_PREVIEWS = YES;
				GENERATE_INFOPLIST_FILE = YES;
				INFOPLIST_KEY_UIApplicationSceneManifest_Generation = YES;
				INFOPLIST_KEY_UIApplicationSupportsIndirectInputEvents = YES;
				INFOPLIST_KEY_UILaunchScreen_Generation = YES;
				INFOPLIST_KEY_UISupportedInterfaceOrientations_iPad = "UIInterfaceOrientationPortrait UIInterfaceOrientationPortraitUpsideDown UIInterfaceOrientationLandscapeLeft UIInterfaceOrientationLandscapeRight";
				INFOPLIST_KEY_UISupportedInterfaceOrientations_iPhone = "UIInterfaceOrientationPortrait UIInterfaceOrientationLandscapeLeft UIInterfaceOrientationLandscapeRight";
				LD_RUNPATH_SEARCH_PATHS = (
					"$(inherited)",
					"@executable_path/Frameworks",
				);
				MARKETING_VERSION = 1.0;
				PRODUCT_BUNDLE_IDENTIFIER = ddg.WeekCalendar;
				PRODUCT_NAME = "$(TARGET_NAME)";
				SWIFT_EMIT_LOC_STRINGS = YES;
				SWIFT_VERSION = 5.0;
				TARGETED_DEVICE_FAMILY = "1,2";
			};
			name = Debug;
		};
		AB5A9AD52A3F576200A379D1 /* Release */ = {
			isa = XCBuildConfiguration;
			buildSettings = {
				ASSETCATALOG_COMPILER_APPICON_NAME = AppIcon;
				ASSETCATALOG_COMPILER_GLOBAL_ACCENT_COLOR_NAME = AccentColor;
				CODE_SIGN_STYLE = Automatic;
				CURRENT_PROJECT_VERSION = 1;
				DEVELOPMENT_ASSET_PATHS = "\"WeekCalendar/Preview Content\"";
				DEVELOPMENT_TEAM = UEQ3F6V5RW;
				ENABLE_PREVIEWS = YES;
				GENERATE_INFOPLIST_FILE = YES;
				INFOPLIST_KEY_UIApplicationSceneManifest_Generation = YES;
				INFOPLIST_KEY_UIApplicationSupportsIndirectInputEvents = YES;
				INFOPLIST_KEY_UILaunchScreen_Generation = YES;
				INFOPLIST_KEY_UISupportedInterfaceOrientations_iPad = "UIInterfaceOrientationPortrait UIInterfaceOrientationPortraitUpsideDown UIInterfaceOrientationLandscapeLeft UIInterfaceOrientationLandscapeRight";
				INFOPLIST_KEY_UISupportedInterfaceOrientations_iPhone = "UIInterfaceOrientationPortrait UIInterfaceOrientationLandscapeLeft UIInterfaceOrientationLandscapeRight";
				LD_RUNPATH_SEARCH_PATHS = (
					"$(inherited)",
					"@executable_path/Frameworks",
				);
				MARKETING_VERSION = 1.0;
				PRODUCT_BUNDLE_IDENTIFIER = ddg.WeekCalendar;
				PRODUCT_NAME = "$(TARGET_NAME)";
				SWIFT_EMIT_LOC_STRINGS = YES;
				SWIFT_VERSION = 5.0;
				TARGETED_DEVICE_FAMILY = "1,2";
			};
			name = Release;
		};
/* End XCBuildConfiguration section */

/* Begin XCConfigurationList section */
		AB5A9AC02A3F576100A379D1 /* Build configuration list for PBXProject "WeekCalendar" */ = {
			isa = XCConfigurationList;
			buildConfigurations = (
				AB5A9AD12A3F576200A379D1 /* Debug */,
				AB5A9AD22A3F576200A379D1 /* Release */,
			);
			defaultConfigurationIsVisible = 0;
			defaultConfigurationName = Release;
		};
		AB5A9AD32A3F576200A379D1 /* Build configuration list for PBXNativeTarget "WeekCalendar" */ = {
			isa = XCConfigurationList;
			buildConfigurations = (
				AB5A9AD42A3F576200A379D1 /* Debug */,
				AB5A9AD52A3F576200A379D1 /* Release */,
			);
			defaultConfigurationIsVisible = 0;
			defaultConfigurationName = Release;
		};
/* End XCConfigurationList section */
	};
	rootObject = AB5A9ABD2A3F576100A379D1 /* Project object */;
}
